
Microsoft Visual Studio Solution File, Format Version 12.00
Project("{FAE04EC0-301F-11D3-BF4B-00C04F79EFBC}") = "Application", "Application\Application.csproj", "{C04E6D7B-7470-4E12-AC4D-68556D96850E}"
EndProject
Project("{FAE04EC0-301F-11D3-BF4B-00C04F79EFBC}") = "Domain", "Domain\Domain.csproj", "{5D77E18F-CADD-49BF-8CDF-8F12CA15F57B}"
EndProject
Project("{FAE04EC0-301F-11D3-BF4B-00C04F79EFBC}") = "Infrastructure", "Infrastructure\Infrastructure.csproj", "{6CEA7EAE-C74A-4F91-BFF7-F87F6B62C050}"
EndProject
Project("{FAE04EC0-301F-11D3-BF4B-00C04F79EFBC}") = "Webapp", "Webapp\Webapp.csproj", "{B273A1FA-DED1-4EDE-8BC6-6EE29E1598FB}"
EndProject
Global
	GlobalSection(SolutionConfigurationPlatforms) = preSolution
		Debug|Any CPU = Debug|Any CPU
		Release|Any CPU = Release|Any CPU
	EndGlobalSection
	GlobalSection(ProjectConfigurationPlatforms) = postSolution
		{C04E6D7B-7470-4E12-AC4D-68556D96850E}.Debug|Any CPU.ActiveCfg = Debug|Any CPU
		{C04E6D7B-7470-4E12-AC4D-68556D96850E}.Debug|Any CPU.Build.0 = Debug|Any CPU
		{C04E6D7B-7470-4E12-AC4D-68556D96850E}.Release|Any CPU.ActiveCfg = Release|Any CPU
		{C04E6D7B-7470-4E12-AC4D-68556D96850E}.Release|Any CPU.Build.0 = Release|Any CPU
		{5D77E18F-CADD-49BF-8CDF-8F12CA15F57B}.Debug|Any CPU.ActiveCfg = Debug|Any CPU
		{5D77E18F-CADD-49BF-8CDF-8F12CA15F57B}.Debug|Any CPU.Build.0 = Debug|Any CPU
		{5D77E18F-CADD-49BF-8CDF-8F12CA15F57B}.Release|Any CPU.ActiveCfg = Release|Any CPU
		{5D77E18F-CADD-49BF-8CDF-8F12CA15F57B}.Release|Any CPU.Build.0 = Release|Any CPU
		{6CEA7EAE-C74A-4F91-BFF7-F87F6B62C050}.Debug|Any CPU.ActiveCfg = Debug|Any CPU
		{6CEA7EAE-C74A-4F91-BFF7-F87F6B62C050}.Debug|Any CPU.Build.0 = Debug|Any CPU
		{6CEA7EAE-C74A-4F91-BFF7-F87F6B62C050}.Release|Any CPU.ActiveCfg = Release|Any CPU
		{6CEA7EAE-C74A-4F91-BFF7-F87F6B62C050}.Release|Any CPU.Build.0 = Release|Any CPU
		{B273A1FA-DED1-4EDE-8BC6-6EE29E1598FB}.Debug|Any CPU.ActiveCfg = Debug|Any CPU
		{B273A1FA-DED1-4EDE-8BC6-6EE29E1598FB}.Debug|Any CPU.Build.0 = Debug|Any CPU
		{B273A1FA-DED1-4EDE-8BC6-6EE29E1598FB}.Release|Any CPU.ActiveCfg = Release|Any CPU
		{B273A1FA-DED1-4EDE-8BC6-6EE29E1598FB}.Release|Any CPU.Build.0 = Release|Any CPU
	EndGlobalSection
EndGlobal
